{
  "sources": {
    "apt": {
      "locked_version": "1.10.0"
    },
    "build-essential": {
      "locked_version": "1.4.0"
    },
    "database": {
      "locked_version": "1.4.0"
    },
    "memcached": {
      "locked_version": "1.4.0"
    },
    "mysql": {
      "locked_version": "3.0.0"
    },
    "nginx": {
      "locked_version": "1.6.0"
    },
    "ohai": {
      "locked_version": "1.1.8"
    },
    "redisio": {
      "locked_version": "1.5.0"
    },
    "ulimit": {
      "locked_version": "0.2.0"
    },
    "openssl": {
      "locked_version": "1.0.2"
    },
    "imagemagick": {
      "locked_version": "0.2.2"
    },
    "sudo": {
      "locked_version": "2.1.2"
    },
    "rbenv": {
      "locked_version": "0.7.2",
      "git": "git://github.com/fnichol/chef-rbenv.git",
      "ref": "f2b53292e810dd2b43f6121f9958f5f29979dcb1"
    },
    "ruby_build": {
      "locked_version": "0.8.0"
    },
    "sngtrkr": {
      "path": "./site-cookbooks/sngtrkr"
    },
    "postgresql": {
      "locked_version": "3.0.4"
    },
    "aws": {
      "locked_version": "0.101.4"
    },
    "xfs": {
      "locked_version": "1.1.0"
    },
    "runit": {
      "locked_version": "1.2.0"
    },
    "yum": {
      "locked_version": "2.3.2"
    },
    "java": {
      "locked_version": "1.13.0"
    },
    "windows": {
      "locked_version": "1.10.0"
    },
    "chef_handler": {
      "locked_version": "1.1.4"
    }
  }
}
